
Microsoft Visual Studio Solution File, Format Version 12.00
# Visual Studio Version 18
VisualStudioVersion = 18.7.11925.98
MinimumVisualStudioVersion = 10.0.40219.1
Project("{9A19103F-16F7-4668-BE54-9A1E7A4F7556}") = "JobSearchCodeExamples.cs", "JobSearchCodeExamples\JobSearchCodeExamples.cs.csproj", "{1660B789-CDB1-4D57-99E9-23184F5687BE}"
EndProject
Project("{9A19103F-16F7-4668-BE54-9A1E7A4F7556}") = "JobSearchCodeExamples.cs.Test", "JobSearchCodeExamples.Test\JobSearchCodeExamples.cs.Test.csproj", "{995E7BE6-A63E-4E2A-BB5D-657F9FB7875C}"
EndProject
Project("{778DAE3C-4631-46EA-AA77-85C1314464D9}") = "JobSearchCodeExamples.vb", "JobSearchCodeExamples.VB\JobSearchCodeExamples.vb.vbproj", "{43C7F881-BAFA-4967-B7A5-0FF3A5BACD9C}"
EndProject
Project("{778DAE3C-4631-46EA-AA77-85C1314464D9}") = "JobSearchCodeExamples.vb.Test", "JobSearchCodeExamples.VB.Test\JobSearchCodeExamples.vb.Test.vbproj", "{A17641C5-E20B-4145-ACA8-6ACED2D2133C}"
EndProject
Project("{6EC3EE1D-3C4E-46DD-8F32-0CC8E7565705}") = "JobSearchCodeExamples.fs", "JobSearchCodeExamples.FSharp\JobSearchCodeExamples.fs.fsproj", "{9E4646F9-53B3-4EDC-84F9-19896ABB8A41}"
EndProject
Project("{6EC3EE1D-3C4E-46DD-8F32-0CC8E7565705}") = "JobSearchCodeExamples.fs.Test", "JobSearchCodeExamples.FSharp.Test\JobSearchCodeExamples.fs.Test.fsproj", "{44C2FA02-61AE-48BE-AAE0-9A6026C3D152}"
EndProject
Project("{8BC9CEB8-8B4A-11D0-8D11-00A0C91BC942}") = "JobSearchCodeExamples.cpp", "JobSearchCodeExamples.cpp\JobSearchCodeExamples.cpp.vcxproj", "{662E2416-1C11-4D8B-BA57-AD8718B26C09}"
EndProject
Project("{2150E333-8FDC-42A3-9474-1A3956D46DE8}") = "Code", "Code", "{379D6EB3-5125-4B70-B2EA-1FB746738710}"
EndProject
Project("{2150E333-8FDC-42A3-9474-1A3956D46DE8}") = "Tests", "Tests", "{18E52B6A-BFC9-457C-AAEE-70BCE387960E}"
EndProject
Project("{9A19103F-16F7-4668-BE54-9A1E7A4F7556}") = "JobSearchCodeExamples.cpp.Test", "JobSearchCodeExamples.cpp.Test\JobSearchCodeExamples.cpp.Test.csproj", "{BFD466E0-767B-464D-8E06-68C91AFD1280}"
EndProject
Project("{2150E333-8FDC-42A3-9474-1A3956D46DE8}") = "Interview Study Guide", "Interview Study Guide", "{09885E49-51B2-49DE-A7A5-079AA08CD540}"
	ProjectSection(SolutionItems) = preProject
		Interview Study Guide\Study Guide.md = Interview Study Guide\Study Guide.md
		Interview Study Guide\_config.yml = Interview Study Guide\_config.yml
	EndProjectSection
EndProject
Project("{2150E333-8FDC-42A3-9474-1A3956D46DE8}") = "C#", "C#", "{02DDDDAF-DFEC-4312-A080-2897CAC0043E}"
	ProjectSection(SolutionItems) = preProject
		Interview Study Guide\C#\C#.md = Interview Study Guide\C#\C#.md
	EndProjectSection
EndProject
Project("{2150E333-8FDC-42A3-9474-1A3956D46DE8}") = "Dot NET", "Dot NET", "{9C7929CA-E68B-4E8C-817A-5B2D9CEE08B0}"
	ProjectSection(SolutionItems) = preProject
		Interview Study Guide\Dot NET\Application Deployment.md = Interview Study Guide\Dot NET\Application Deployment.md
		Interview Study Guide\Dot NET\Assemblies.md = Interview Study Guide\Dot NET\Assemblies.md
		Interview Study Guide\Dot NET\Asynchronous Programming.md = Interview Study Guide\Dot NET\Asynchronous Programming.md
		Interview Study Guide\Dot NET\Base Class Library.md = Interview Study Guide\Dot NET\Base Class Library.md
		Interview Study Guide\Dot NET\CLR.md = Interview Study Guide\Dot NET\CLR.md
		Interview Study Guide\Dot NET\Collections.md = Interview Study Guide\Dot NET\Collections.md
		Interview Study Guide\Dot NET\Common Intermediate Language.md = Interview Study Guide\Dot NET\Common Intermediate Language.md
		Interview Study Guide\Dot NET\Common Language Specification.md = Interview Study Guide\Dot NET\Common Language Specification.md
		Interview Study Guide\Dot NET\Common Type System.md = Interview Study Guide\Dot NET\Common Type System.md
		Interview Study Guide\Dot NET\Configuration.md = Interview Study Guide\Dot NET\Configuration.md
		Interview Study Guide\Dot NET\Deployment.md = Interview Study Guide\Dot NET\Deployment.md
		Interview Study Guide\Dot NET\Dot NET Application Models.md = Interview Study Guide\Dot NET\Dot NET Application Models.md
		Interview Study Guide\Dot NET\Dot NET Architecture.md = Interview Study Guide\Dot NET\Dot NET Architecture.md
		Interview Study Guide\Dot NET\Dot NET Framework vs Modern .NET.md = Interview Study Guide\Dot NET\Dot NET Framework vs Modern .NET.md
		Interview Study Guide\Dot NET\Dot NET SDK and Runtime.md = Interview Study Guide\Dot NET\Dot NET SDK and Runtime.md
		Interview Study Guide\Dot NET\Dot NET.md = Interview Study Guide\Dot NET\Dot NET.md
		Interview Study Guide\Dot NET\Entity Framework.md = Interview Study Guide\Dot NET\Entity Framework.md
		Interview Study Guide\Dot NET\Exception Handling.md = Interview Study Guide\Dot NET\Exception Handling.md
		Interview Study Guide\Dot NET\Garbage Collection.md = Interview Study Guide\Dot NET\Garbage Collection.md
		Interview Study Guide\Dot NET\Generics.md = Interview Study Guide\Dot NET\Generics.md
		Interview Study Guide\Dot NET\Interview Questions.md = Interview Study Guide\Dot NET\Interview Questions.md
		Interview Study Guide\Dot NET\Just-In-Time Compilation.md = Interview Study Guide\Dot NET\Just-In-Time Compilation.md
		Interview Study Guide\Dot NET\LINQ.md = Interview Study Guide\Dot NET\LINQ.md
		Interview Study Guide\Dot NET\Logging.md = Interview Study Guide\Dot NET\Logging.md
		Interview Study Guide\Dot NET\Managed and Unmanaged Code.md = Interview Study Guide\Dot NET\Managed and Unmanaged Code.md
		Interview Study Guide\Dot NET\Metadata.md = Interview Study Guide\Dot NET\Metadata.md
		Interview Study Guide\Dot NET\My .NET Experience.md = Interview Study Guide\Dot NET\My .NET Experience.md
		Interview Study Guide\Dot NET\Native Interop.md = Interview Study Guide\Dot NET\Native Interop.md
		Interview Study Guide\Dot NET\Performance Optimization.md = Interview Study Guide\Dot NET\Performance Optimization.md
		Interview Study Guide\Dot NET\Testing.md = Interview Study Guide\Dot NET\Testing.md
		Interview Study Guide\Dot NET\Threading and Parallel Programming.md = Interview Study Guide\Dot NET\Threading and Parallel Programming.md
	EndProjectSection
EndProject
Project("{2150E333-8FDC-42A3-9474-1A3956D46DE8}") = "ASP.NET Core", "ASP.NET Core", "{7046C04B-A7B1-47D9-951C-93151E0316A0}"
	ProjectSection(SolutionItems) = preProject
		Interview Study Guide\ASP.NET Core\ASP.NET Core.md = Interview Study Guide\ASP.NET Core\ASP.NET Core.md
		Interview Study Guide\ASP.NET Core\http 503.md = Interview Study Guide\ASP.NET Core\http 503.md
	EndProjectSection
EndProject
Project("{2150E333-8FDC-42A3-9474-1A3956D46DE8}") = "SQL", "SQL", "{4276F4F3-4D3C-43FB-B49A-3E14DB6837BC}"
	ProjectSection(SolutionItems) = preProject
		Interview Study Guide\SQL\SQL.md = Interview Study Guide\SQL\SQL.md
	EndProjectSection
EndProject
Project("{2150E333-8FDC-42A3-9474-1A3956D46DE8}") = "REST APIs", "REST APIs", "{B5AE5BBB-CB24-4FDA-AD63-9C425F30E5C1}"
	ProjectSection(SolutionItems) = preProject
		Interview Study Guide\REST APIs\REST APIs.md = Interview Study Guide\REST APIs\REST APIs.md
	EndProjectSection
EndProject
Project("{2150E333-8FDC-42A3-9474-1A3956D46DE8}") = "Design Patterns", "Design Patterns", "{3361D5D2-3A89-41E1-A54F-9EC79BF7D086}"
	ProjectSection(SolutionItems) = preProject
		Interview Study Guide\Design Patterns\Architectural Patterns.md = Interview Study Guide\Design Patterns\Architectural Patterns.md
		Interview Study Guide\Design Patterns\Dependency Injection.md = Interview Study Guide\Design Patterns\Dependency Injection.md
		Interview Study Guide\Design Patterns\Design Patterns.md = Interview Study Guide\Design Patterns\Design Patterns.md
		Interview Study Guide\Design Patterns\Design Principles.md = Interview Study Guide\Design Patterns\Design Principles.md
		Interview Study Guide\Design Patterns\Layered Architecture.md = Interview Study Guide\Design Patterns\Layered Architecture.md
	EndProjectSection
EndProject
Project("{2150E333-8FDC-42A3-9474-1A3956D46DE8}") = "System Design", "System Design", "{28155961-1271-4065-ABCB-EF087DE8A42A}"
	ProjectSection(SolutionItems) = preProject
		Interview Study Guide\System Design\API Connector.md = Interview Study Guide\System Design\API Connector.md
		Interview Study Guide\System Design\Evolution of Enterprise Software.md = Interview Study Guide\System Design\Evolution of Enterprise Software.md
		Interview Study Guide\System Design\System Design.md = Interview Study Guide\System Design\System Design.md
	EndProjectSection
EndProject
Project("{2150E333-8FDC-42A3-9474-1A3956D46DE8}") = "Behavioral Questions", "Behavioral Questions", "{690DB687-2A9F-48F0-8F61-4D07CCBAC526}"
	ProjectSection(SolutionItems) = preProject
		Interview Study Guide\Behavioral Questions\Behavioral Questions.md = Interview Study Guide\Behavioral Questions\Behavioral Questions.md
	EndProjectSection
EndProject
Project("{2150E333-8FDC-42A3-9474-1A3956D46DE8}") = "Coding Exercises", "Coding Exercises", "{71F3B42D-AB21-437D-9499-BC6C5C6E964E}"
	ProjectSection(SolutionItems) = preProject
		Interview Study Guide\Coding Exercises\Coding Exercises.md = Interview Study Guide\Coding Exercises\Coding Exercises.md
	EndProjectSection
EndProject
Project("{2150E333-8FDC-42A3-9474-1A3956D46DE8}") = "Interview Lessons Learned", "Interview Lessons Learned", "{291A26FD-8027-472C-953B-BEF60C879C12}"
	ProjectSection(SolutionItems) = preProject
		Interview Study Guide\Interview Lessons Learned\Interview Lessons Learned.md = Interview Study Guide\Interview Lessons Learned\Interview Lessons Learned.md
	EndProjectSection
EndProject
Project("{2150E333-8FDC-42A3-9474-1A3956D46DE8}") = "Logic Puzzles", "Logic Puzzles", "{D6E0421F-BE96-4C1D-B21E-2A5AAB84F9F9}"
	ProjectSection(SolutionItems) = preProject
		Interview Study Guide\Logic Puzzles\Logic Puzzles.md = Interview Study Guide\Logic Puzzles\Logic Puzzles.md
		Interview Study Guide\Logic Puzzles\Water Jug Puzzle.md = Interview Study Guide\Logic Puzzles\Water Jug Puzzle.md
	EndProjectSection
EndProject
Project("{FAE04EC0-301F-11D3-BF4B-00C04F79EFBC}") = "JobSearchCodeExamples.Support", "JobSearchCodeExamples.Support\JobSearchCodeExamples.Support.csproj", "{9A05B5C2-9B65-4151-8C6B-464E3ABDAD20}"
EndProject
Project("{2150E333-8FDC-42A3-9474-1A3956D46DE8}") = "Dot NET Backend Developer", "Dot NET Backend Developer", "{9C0FB28E-E85D-4E95-BBF2-31D8DE70A12C}"
	ProjectSection(SolutionItems) = preProject
		Interview Study Guide\Dot NET Backend Developer\Dot NET Backend Developer.md = Interview Study Guide\Dot NET Backend Developer\Dot NET Backend Developer.md
		Interview Study Guide\Dot NET Backend Developer\Interview Questions.md = Interview Study Guide\Dot NET Backend Developer\Interview Questions.md
	EndProjectSection
EndProject
Project("{2150E333-8FDC-42A3-9474-1A3956D46DE8}") = "C++", "C++", "{C69DC301-3524-4F76-88EB-7DE15C21A8B6}"
	ProjectSection(SolutionItems) = preProject
		Interview Study Guide\C++\C++.md = Interview Study Guide\C++\C++.md
	EndProjectSection
EndProject
Project("{2150E333-8FDC-42A3-9474-1A3956D46DE8}") = "Software Development Life Cycle", "Software Development Life Cycle", "{84898AEE-64FF-4426-982E-6724FDCC9C33}"
	ProjectSection(SolutionItems) = preProject
		Interview Study Guide\Software Development Life Cycle\AcceptanceCriteria.md = Interview Study Guide\Software Development Life Cycle\AcceptanceCriteria.md
		Interview Study Guide\Software Development Life Cycle\Agile.md = Interview Study Guide\Software Development Life Cycle\Agile.md
		Interview Study Guide\Software Development Life Cycle\APIDesign.md = Interview Study Guide\Software Development Life Cycle\APIDesign.md
		Interview Study Guide\Software Development Life Cycle\ArchitectureDecisions.md = Interview Study Guide\Software Development Life Cycle\ArchitectureDecisions.md
		Interview Study Guide\Software Development Life Cycle\BranchingStrategies.md = Interview Study Guide\Software Development Life Cycle\BranchingStrategies.md
		Interview Study Guide\Software Development Life Cycle\BugFixes.md = Interview Study Guide\Software Development Life Cycle\BugFixes.md
		Interview Study Guide\Software Development Life Cycle\BuildPipelines.md = Interview Study Guide\Software Development Life Cycle\BuildPipelines.md
		Interview Study Guide\Software Development Life Cycle\BusinessRequirements.md = Interview Study Guide\Software Development Life Cycle\BusinessRequirements.md
		Interview Study Guide\Software Development Life Cycle\CICDImprovements.md = Interview Study Guide\Software Development Life Cycle\CICDImprovements.md
		Interview Study Guide\Software Development Life Cycle\CodeReviews.md = Interview Study Guide\Software Development Life Cycle\CodeReviews.md
		Interview Study Guide\Software Development Life Cycle\CodingStandards.md = Interview Study Guide\Software Development Life Cycle\CodingStandards.md
		Interview Study Guide\Software Development Life Cycle\ConfigurationManagement.md = Interview Study Guide\Software Development Life Cycle\ConfigurationManagement.md
		Interview Study Guide\Software Development Life Cycle\DatabaseDesign.md = Interview Study Guide\Software Development Life Cycle\DatabaseDesign.md
		Interview Study Guide\Software Development Life Cycle\DesignReviews.md = Interview Study Guide\Software Development Life Cycle\DesignReviews.md
		Interview Study Guide\Software Development Life Cycle\DeveloperTesting.md = Interview Study Guide\Software Development Life Cycle\DeveloperTesting.md
		Interview Study Guide\Software Development Life Cycle\Documentation.md = Interview Study Guide\Software Development Life Cycle\Documentation.md
		Interview Study Guide\Software Development Life Cycle\FeatureEnhancements.md = Interview Study Guide\Software Development Life Cycle\FeatureEnhancements.md
		Interview Study Guide\Software Development Life Cycle\FunctionalRequirements.md = Interview Study Guide\Software Development Life Cycle\FunctionalRequirements.md
		Interview Study Guide\Software Development Life Cycle\HybridApproaches.md = Interview Study Guide\Software Development Life Cycle\HybridApproaches.md
		Interview Study Guide\Software Development Life Cycle\ImprovingAutomatedTesting.md = Interview Study Guide\Software Development Life Cycle\ImprovingAutomatedTesting.md
		Interview Study Guide\Software Development Life Cycle\IntegrationTesting.md = Interview Study Guide\Software Development Life Cycle\IntegrationTesting.md
		Interview Study Guide\Software Development Life Cycle\Kanban.md = Interview Study Guide\Software Development Life Cycle\Kanban.md
		Interview Study Guide\Software Development Life Cycle\LargeEnterpriseApplicationMaintenance.md = Interview Study Guide\Software Development Life Cycle\LargeEnterpriseApplicationMaintenance.md
		Interview Study Guide\Software Development Life Cycle\LegacySystemSupport.md = Interview Study Guide\Software Development Life Cycle\LegacySystemSupport.md
		Interview Study Guide\Software Development Life Cycle\MigratingLegacyTechnologies.md = Interview Study Guide\Software Development Life Cycle\MigratingLegacyTechnologies.md
		Interview Study Guide\Software Development Life Cycle\NonFunctionalRequirements.md = Interview Study Guide\Software Development Life Cycle\NonFunctionalRequirements.md
		Interview Study Guide\Software Development Life Cycle\PerformanceTesting.md = Interview Study Guide\Software Development Life Cycle\PerformanceTesting.md
		Interview Study Guide\Software Development Life Cycle\Refactoring.md = Interview Study Guide\Software Development Life Cycle\Refactoring.md
		Interview Study Guide\Software Development Life Cycle\ReleaseManagement.md = Interview Study Guide\Software Development Life Cycle\ReleaseManagement.md
		Interview Study Guide\Software Development Life Cycle\Scrum.md = Interview Study Guide\Software Development Life Cycle\Scrum.md
		Interview Study Guide\Software Development Life Cycle\Software Development Life Cycle.md = Interview Study Guide\Software Development Life Cycle\Software Development Life Cycle.md
		Interview Study Guide\Software Development Life Cycle\SystemTesting.md = Interview Study Guide\Software Development Life Cycle\SystemTesting.md
		Interview Study Guide\Software Development Life Cycle\TechnicalDebt.md = Interview Study Guide\Software Development Life Cycle\TechnicalDebt.md
		Interview Study Guide\Software Development Life Cycle\TechnologySelection.md = Interview Study Guide\Software Development Life Cycle\TechnologySelection.md
		Interview Study Guide\Software Development Life Cycle\UnitTesting.md = Interview Study Guide\Software Development Life Cycle\UnitTesting.md
		Interview Study Guide\Software Development Life Cycle\UserAcceptanceTesting.md = Interview Study Guide\Software Development Life Cycle\UserAcceptanceTesting.md
		Interview Study Guide\Software Development Life Cycle\UserStories.md = Interview Study Guide\Software Development Life Cycle\UserStories.md
		Interview Study Guide\Software Development Life Cycle\Waterfall.md = Interview Study Guide\Software Development Life Cycle\Waterfall.md
	EndProjectSection
EndProject
Project("{2150E333-8FDC-42A3-9474-1A3956D46DE8}") = "Java", "Java", "{5E33E855-037E-4F78-8BE0-409F8AE5CBAF}"
	ProjectSection(SolutionItems) = preProject
		Interview Study Guide\Java\Java.md = Interview Study Guide\Java\Java.md
	EndProjectSection
EndProject
Project("{2150E333-8FDC-42A3-9474-1A3956D46DE8}") = "Python", "Python", "{DE8A5B4F-72BA-48C0-8428-72DDC7C6DEFC}"
	ProjectSection(SolutionItems) = preProject
		Interview Study Guide\Python\Python.md = Interview Study Guide\Python\Python.md
	EndProjectSection
EndProject
Project("{2150E333-8FDC-42A3-9474-1A3956D46DE8}") = "JaveScript", "JaveScript", "{D6C5745D-276A-48D9-BCD6-E319CDD4E5C2}"
	ProjectSection(SolutionItems) = preProject
		Interview Study Guide\JavaScript\JaveScript.md = Interview Study Guide\JavaScript\JaveScript.md
	EndProjectSection
EndProject
Project("{2150E333-8FDC-42A3-9474-1A3956D46DE8}") = "TypeScript", "TypeScript", "{A79BB48F-9025-49DC-AB21-EA830917E1D9}"
	ProjectSection(SolutionItems) = preProject
		Interview Study Guide\TypeScript\TypeScript.md = Interview Study Guide\TypeScript\TypeScript.md
	EndProjectSection
EndProject
Project("{2150E333-8FDC-42A3-9474-1A3956D46DE8}") = "Go", "Go", "{770EADAD-8210-4AB3-96E4-2B9085536E91}"
	ProjectSection(SolutionItems) = preProject
		Interview Study Guide\Go\Go.md = Interview Study Guide\Go\Go.md
	EndProjectSection
EndProject
Project("{2150E333-8FDC-42A3-9474-1A3956D46DE8}") = "Rust", "Rust", "{D176FBF7-324C-4B05-A56C-8570448BCACA}"
	ProjectSection(SolutionItems) = preProject
		Interview Study Guide\Rust\Rust.md = Interview Study Guide\Rust\Rust.md
	EndProjectSection
EndProject
Project("{2150E333-8FDC-42A3-9474-1A3956D46DE8}") = "Visual Basic.NET", "Visual Basic.NET", "{C3B73D69-2565-44EC-A21D-6519C964E765}"
	ProjectSection(SolutionItems) = preProject
		Interview Study Guide\Visual Basic.NET\Visual Basic.NET.md = Interview Study Guide\Visual Basic.NET\Visual Basic.NET.md
	EndProjectSection
EndProject
Project("{2150E333-8FDC-42A3-9474-1A3956D46DE8}") = "PowerShell", "PowerShell", "{AC79C7D7-87D1-4ADE-8638-E4D30A319A7B}"
	ProjectSection(SolutionItems) = preProject
		Interview Study Guide\PowerShell\PowerShell.md = Interview Study Guide\PowerShell\PowerShell.md
	EndProjectSection
EndProject
Project("{2150E333-8FDC-42A3-9474-1A3956D46DE8}") = "F#", "F#", "{23760B9B-9629-417C-80DC-7709771E27A4}"
	ProjectSection(SolutionItems) = preProject
		Interview Study Guide\F#\F#.md = Interview Study Guide\F#\F#.md
	EndProjectSection
EndProject
Project("{2150E333-8FDC-42A3-9474-1A3956D46DE8}") = "PHP", "PHP", "{D68E6CF6-8394-47C9-839C-22B24FD5B7D7}"
	ProjectSection(SolutionItems) = preProject
		Interview Study Guide\PHP\PHP.md = Interview Study Guide\PHP\PHP.md
	EndProjectSection
EndProject
Project("{2150E333-8FDC-42A3-9474-1A3956D46DE8}") = "Git", "Git", "{405F561E-251D-4505-9548-280A9047C277}"
	ProjectSection(SolutionItems) = preProject
		Interview Study Guide\Git\Git.md = Interview Study Guide\Git\Git.md
	EndProjectSection
EndProject
Project("{2150E333-8FDC-42A3-9474-1A3956D46DE8}") = "Azure DevOps", "Azure DevOps", "{C5C35C88-992B-4946-AF44-E3BF42310DBF}"
	ProjectSection(SolutionItems) = preProject
		Interview Study Guide\Azure DevOps\Azure DevOps.md = Interview Study Guide\Azure DevOps\Azure DevOps.md
	EndProjectSection
EndProject
Project("{2150E333-8FDC-42A3-9474-1A3956D46DE8}") = "CI-CD", "CI-CD", "{7339C8AD-2A0A-4D00-8E43-476696E4795C}"
	ProjectSection(SolutionItems) = preProject
		Interview Study Guide\CI-CD\CI-CD.md = Interview Study Guide\CI-CD\CI-CD.md
	EndProjectSection
EndProject
Project("{2150E333-8FDC-42A3-9474-1A3956D46DE8}") = "Unit Testing", "Unit Testing", "{73E12ABA-23AE-48E4-A6BD-24B7D9AE8CE0}"
	ProjectSection(SolutionItems) = preProject
		Interview Study Guide\Unit Testing\Unit Testing.md = Interview Study Guide\Unit Testing\Unit Testing.md
	EndProjectSection
EndProject
Project("{2150E333-8FDC-42A3-9474-1A3956D46DE8}") = "Code Coverage", "Code Coverage", "{A3825F90-A966-4254-BCEE-26BA159C288D}"
	ProjectSection(SolutionItems) = preProject
		Interview Study Guide\Code Coverage\Code Coverage.md = Interview Study Guide\Code Coverage\Code Coverage.md
	EndProjectSection
EndProject
Project("{2150E333-8FDC-42A3-9474-1A3956D46DE8}") = "NuGet", "NuGet", "{BF6867BE-4783-422D-940E-173DF68FA765}"
	ProjectSection(SolutionItems) = preProject
		Interview Study Guide\NuGet\NuGet.md = Interview Study Guide\NuGet\NuGet.md
	EndProjectSection
EndProject
Project("{2150E333-8FDC-42A3-9474-1A3956D46DE8}") = "MSBuild", "MSBuild", "{B4DAB1E5-D58C-4C46-98E7-EC5322DE8401}"
	ProjectSection(SolutionItems) = preProject
		Interview Study Guide\MSBuild\MSBuild.md = Interview Study Guide\MSBuild\MSBuild.md
	EndProjectSection
EndProject
Project("{2150E333-8FDC-42A3-9474-1A3956D46DE8}") = "Full-Stack Developer", "Full-Stack Developer", "{8FE4C2CB-BC12-4AF4-A1DB-EAF45AC020C5}"
	ProjectSection(SolutionItems) = preProject
		Interview Study Guide\Full-Stack Developer\Full-Stack Developer.md = Interview Study Guide\Full-Stack Developer\Full-Stack Developer.md
	EndProjectSection
EndProject
Project("{2150E333-8FDC-42A3-9474-1A3956D46DE8}") = "System Architect", "System Architect", "{F5D767C8-1E11-440D-BA4E-5A6AC96A345D}"
	ProjectSection(SolutionItems) = preProject
		Interview Study Guide\System Architect\System Architect.md = Interview Study Guide\System Architect\System Architect.md
	EndProjectSection
EndProject
Project("{2150E333-8FDC-42A3-9474-1A3956D46DE8}") = "DevOps Engineer", "DevOps Engineer", "{9FBFE052-A72F-4680-92A6-A246A8AF3D52}"
	ProjectSection(SolutionItems) = preProject
		Interview Study Guide\DevOps Engineer\DevOps Engineer.md = Interview Study Guide\DevOps Engineer\DevOps Engineer.md
	EndProjectSection
EndProject
Project("{2150E333-8FDC-42A3-9474-1A3956D46DE8}") = "Data Engineer", "Data Engineer", "{9E6BD4D3-772C-4FF5-96C8-14D036B6765D}"
	ProjectSection(SolutionItems) = preProject
		Interview Study Guide\Data Engineer\Data Engineer.md = Interview Study Guide\Data Engineer\Data Engineer.md
	EndProjectSection
EndProject
Project("{2150E333-8FDC-42A3-9474-1A3956D46DE8}") = "LINQ", "LINQ", "{4F4EA15E-2DC8-4C6A-AD47-C4B32857883A}"
	ProjectSection(SolutionItems) = preProject
		Interview Study Guide\Dot NET\LINQ\Average.md = Interview Study Guide\Dot NET\LINQ\Average.md
		Interview Study Guide\Dot NET\LINQ\Count.md = Interview Study Guide\Dot NET\LINQ\Count.md
		Interview Study Guide\Dot NET\LINQ\Database query translation.md = Interview Study Guide\Dot NET\LINQ\Database query translation.md
		Interview Study Guide\Dot NET\LINQ\Deferred execution.md = Interview Study Guide\Dot NET\LINQ\Deferred execution.md
		Interview Study Guide\Dot NET\LINQ\Deferred vs immediate execution.md = Interview Study Guide\Dot NET\LINQ\Deferred vs immediate execution.md
		Interview Study Guide\Dot NET\LINQ\Distinct.md = Interview Study Guide\Dot NET\LINQ\Distinct.md
		Interview Study Guide\Dot NET\LINQ\Except.md = Interview Study Guide\Dot NET\LINQ\Except.md
		Interview Study Guide\Dot NET\LINQ\GroupBy.md = Interview Study Guide\Dot NET\LINQ\GroupBy.md
		Interview Study Guide\Dot NET\LINQ\GroupJoin.md = Interview Study Guide\Dot NET\LINQ\GroupJoin.md
		Interview Study Guide\Dot NET\LINQ\How does Entity Framework translate LINQ.md = Interview Study Guide\Dot NET\LINQ\How does Entity Framework translate LINQ.md
		Interview Study Guide\Dot NET\LINQ\IEnumerable vs IQueryable.md = Interview Study Guide\Dot NET\LINQ\IEnumerable vs IQueryable.md
		Interview Study Guide\Dot NET\LINQ\Intersect.md = Interview Study Guide\Dot NET\LINQ\Intersect.md
		Interview Study Guide\Dot NET\LINQ\Join.md = Interview Study Guide\Dot NET\LINQ\Join.md
		Interview Study Guide\Dot NET\LINQ\Lambda expressions.md = Interview Study Guide\Dot NET\LINQ\Lambda expressions.md
		Interview Study Guide\Dot NET\LINQ\Large collections.md = Interview Study Guide\Dot NET\LINQ\Large collections.md
		Interview Study Guide\Dot NET\LINQ\LINQ providers.md = Interview Study Guide\Dot NET\LINQ\LINQ providers.md
		Interview Study Guide\Dot NET\LINQ\Max.md = Interview Study Guide\Dot NET\LINQ\Max.md
		Interview Study Guide\Dot NET\LINQ\Method syntax.md = Interview Study Guide\Dot NET\LINQ\Method syntax.md
		Interview Study Guide\Dot NET\LINQ\Min.md = Interview Study Guide\Dot NET\LINQ\Min.md
		Interview Study Guide\Dot NET\LINQ\Multiple enumeration.md = Interview Study Guide\Dot NET\LINQ\Multiple enumeration.md
		Interview Study Guide\Dot NET\LINQ\N+1 query problems.md = Interview Study Guide\Dot NET\LINQ\N+1 query problems.md
		Interview Study Guide\Dot NET\LINQ\OrderBy.md = Interview Study Guide\Dot NET\LINQ\OrderBy.md
		Interview Study Guide\Dot NET\LINQ\Query composition.md = Interview Study Guide\Dot NET\LINQ\Query composition.md
		Interview Study Guide\Dot NET\LINQ\Query syntax.md = Interview Study Guide\Dot NET\LINQ\Query syntax.md
		Interview Study Guide\Dot NET\LINQ\Select.md = Interview Study Guide\Dot NET\LINQ\Select.md
		Interview Study Guide\Dot NET\LINQ\SelectMany.md = Interview Study Guide\Dot NET\LINQ\SelectMany.md
		Interview Study Guide\Dot NET\LINQ\Sum.md = Interview Study Guide\Dot NET\LINQ\Sum.md
		Interview Study Guide\Dot NET\LINQ\ThenBy.md = Interview Study Guide\Dot NET\LINQ\ThenBy.md
		Interview Study Guide\Dot NET\LINQ\ToList vs ToArray.md = Interview Study Guide\Dot NET\LINQ\ToList vs ToArray.md
		Interview Study Guide\Dot NET\LINQ\Union.md = Interview Study Guide\Dot NET\LINQ\Union.md
		Interview Study Guide\Dot NET\LINQ\What is the difference between IEnumerable and IQueryable.md = Interview Study Guide\Dot NET\LINQ\What is the difference between IEnumerable and IQueryable.md
		Interview Study Guide\Dot NET\LINQ\What problem LINQ solves.md = Interview Study Guide\Dot NET\LINQ\What problem LINQ solves.md
		Interview Study Guide\Dot NET\LINQ\Where.md = Interview Study Guide\Dot NET\LINQ\Where.md
	EndProjectSection
EndProject
Project("{2150E333-8FDC-42A3-9474-1A3956D46DE8}") = "_layouts", "_layouts", "{7976D801-0E7F-457A-8AE4-1008BAD41B0A}"
	ProjectSection(SolutionItems) = preProject
		Interview Study Guide\_layouts\default.html = Interview Study Guide\_layouts\default.html
	EndProjectSection
EndProject
Project("{2150E333-8FDC-42A3-9474-1A3956D46DE8}") = "assets", "assets", "{B76C4706-09FD-47EE-8856-93711ADADA1B}"
EndProject
Project("{2150E333-8FDC-42A3-9474-1A3956D46DE8}") = "css", "css", "{4C57A5F2-2158-41EB-836B-D0AB68071BDF}"
	ProjectSection(SolutionItems) = preProject
		Interview Study Guide\assets\css\style.css = Interview Study Guide\assets\css\style.css
	EndProjectSection
EndProject
Global
	GlobalSection(SolutionConfigurationPlatforms) = preSolution
		Debug|Any CPU = Debug|Any CPU
		Debug|x64 = Debug|x64
		Debug|x86 = Debug|x86
		Release|Any CPU = Release|Any CPU
		Release|x64 = Release|x64
		Release|x86 = Release|x86
	EndGlobalSection
	GlobalSection(ProjectConfigurationPlatforms) = postSolution
		{1660B789-CDB1-4D57-99E9-23184F5687BE}.Debug|Any CPU.ActiveCfg = Debug|Any CPU
		{1660B789-CDB1-4D57-99E9-23184F5687BE}.Debug|Any CPU.Build.0 = Debug|Any CPU
		{1660B789-CDB1-4D57-99E9-23184F5687BE}.Debug|x64.ActiveCfg = Debug|x64
		{1660B789-CDB1-4D57-99E9-23184F5687BE}.Debug|x64.Build.0 = Debug|x64
		{1660B789-CDB1-4D57-99E9-23184F5687BE}.Debug|x86.ActiveCfg = Debug|x86
		{1660B789-CDB1-4D57-99E9-23184F5687BE}.Debug|x86.Build.0 = Debug|x86
		{1660B789-CDB1-4D57-99E9-23184F5687BE}.Release|Any CPU.ActiveCfg = Release|Any CPU
		{1660B789-CDB1-4D57-99E9-23184F5687BE}.Release|Any CPU.Build.0 = Release|Any CPU
		{1660B789-CDB1-4D57-99E9-23184F5687BE}.Release|x64.ActiveCfg = Release|x64
		{1660B789-CDB1-4D57-99E9-23184F5687BE}.Release|x64.Build.0 = Release|x64
		{1660B789-CDB1-4D57-99E9-23184F5687BE}.Release|x86.ActiveCfg = Release|x86
		{1660B789-CDB1-4D57-99E9-23184F5687BE}.Release|x86.Build.0 = Release|x86
		{995E7BE6-A63E-4E2A-BB5D-657F9FB7875C}.Debug|Any CPU.ActiveCfg = Debug|Any CPU
		{995E7BE6-A63E-4E2A-BB5D-657F9FB7875C}.Debug|Any CPU.Build.0 = Debug|Any CPU
		{995E7BE6-A63E-4E2A-BB5D-657F9FB7875C}.Debug|x64.ActiveCfg = Debug|x64
		{995E7BE6-A63E-4E2A-BB5D-657F9FB7875C}.Debug|x64.Build.0 = Debug|x64
		{995E7BE6-A63E-4E2A-BB5D-657F9FB7875C}.Debug|x86.ActiveCfg = Debug|x86
		{995E7BE6-A63E-4E2A-BB5D-657F9FB7875C}.Debug|x86.Build.0 = Debug|x86
		{995E7BE6-A63E-4E2A-BB5D-657F9FB7875C}.Release|Any CPU.ActiveCfg = Release|Any CPU
		{995E7BE6-A63E-4E2A-BB5D-657F9FB7875C}.Release|Any CPU.Build.0 = Release|Any CPU
		{995E7BE6-A63E-4E2A-BB5D-657F9FB7875C}.Release|x64.ActiveCfg = Release|x64
		{995E7BE6-A63E-4E2A-BB5D-657F9FB7875C}.Release|x64.Build.0 = Release|x64
		{995E7BE6-A63E-4E2A-BB5D-657F9FB7875C}.Release|x86.ActiveCfg = Release|x86
		{995E7BE6-A63E-4E2A-BB5D-657F9FB7875C}.Release|x86.Build.0 = Release|x86
		{43C7F881-BAFA-4967-B7A5-0FF3A5BACD9C}.Debug|Any CPU.ActiveCfg = Debug|Any CPU
		{43C7F881-BAFA-4967-B7A5-0FF3A5BACD9C}.Debug|Any CPU.Build.0 = Debug|Any CPU
		{43C7F881-BAFA-4967-B7A5-0FF3A5BACD9C}.Debug|x64.ActiveCfg = Debug|x64
		{43C7F881-BAFA-4967-B7A5-0FF3A5BACD9C}.Debug|x64.Build.0 = Debug|x64
		{43C7F881-BAFA-4967-B7A5-0FF3A5BACD9C}.Debug|x86.ActiveCfg = Debug|x86
		{43C7F881-BAFA-4967-B7A5-0FF3A5BACD9C}.Debug|x86.Build.0 = Debug|x86
		{43C7F881-BAFA-4967-B7A5-0FF3A5BACD9C}.Release|Any CPU.ActiveCfg = Release|Any CPU
		{43C7F881-BAFA-4967-B7A5-0FF3A5BACD9C}.Release|Any CPU.Build.0 = Release|Any CPU
		{43C7F881-BAFA-4967-B7A5-0FF3A5BACD9C}.Release|x64.ActiveCfg = Release|x64
		{43C7F881-BAFA-4967-B7A5-0FF3A5BACD9C}.Release|x64.Build.0 = Release|x64
		{43C7F881-BAFA-4967-B7A5-0FF3A5BACD9C}.Release|x86.ActiveCfg = Release|x86
		{43C7F881-BAFA-4967-B7A5-0FF3A5BACD9C}.Release|x86.Build.0 = Release|x86
		{A17641C5-E20B-4145-ACA8-6ACED2D2133C}.Debug|Any CPU.ActiveCfg = Debug|Any CPU
		{A17641C5-E20B-4145-ACA8-6ACED2D2133C}.Debug|Any CPU.Build.0 = Debug|Any CPU
		{A17641C5-E20B-4145-ACA8-6ACED2D2133C}.Debug|x64.ActiveCfg = Debug|x64
		{A17641C5-E20B-4145-ACA8-6ACED2D2133C}.Debug|x64.Build.0 = Debug|x64
		{A17641C5-E20B-4145-ACA8-6ACED2D2133C}.Debug|x86.ActiveCfg = Debug|x86
		{A17641C5-E20B-4145-ACA8-6ACED2D2133C}.Debug|x86.Build.0 = Debug|x86
		{A17641C5-E20B-4145-ACA8-6ACED2D2133C}.Release|Any CPU.ActiveCfg = Release|Any CPU
		{A17641C5-E20B-4145-ACA8-6ACED2D2133C}.Release|Any CPU.Build.0 = Release|Any CPU
		{A17641C5-E20B-4145-ACA8-6ACED2D2133C}.Release|x64.ActiveCfg = Release|x64
		{A17641C5-E20B-4145-ACA8-6ACED2D2133C}.Release|x64.Build.0 = Release|x64
		{A17641C5-E20B-4145-ACA8-6ACED2D2133C}.Release|x86.ActiveCfg = Release|x86
		{A17641C5-E20B-4145-ACA8-6ACED2D2133C}.Release|x86.Build.0 = Release|x86
		{9E4646F9-53B3-4EDC-84F9-19896ABB8A41}.Debug|Any CPU.ActiveCfg = Debug|Any CPU
		{9E4646F9-53B3-4EDC-84F9-19896ABB8A41}.Debug|Any CPU.Build.0 = Debug|Any CPU
		{9E4646F9-53B3-4EDC-84F9-19896ABB8A41}.Debug|x64.ActiveCfg = Debug|x64
		{9E4646F9-53B3-4EDC-84F9-19896ABB8A41}.Debug|x64.Build.0 = Debug|x64
		{9E4646F9-53B3-4EDC-84F9-19896ABB8A41}.Debug|x86.ActiveCfg = Debug|x86
		{9E4646F9-53B3-4EDC-84F9-19896ABB8A41}.Debug|x86.Build.0 = Debug|x86
		{9E4646F9-53B3-4EDC-84F9-19896ABB8A41}.Release|Any CPU.ActiveCfg = Release|Any CPU
		{9E4646F9-53B3-4EDC-84F9-19896ABB8A41}.Release|Any CPU.Build.0 = Release|Any CPU
		{9E4646F9-53B3-4EDC-84F9-19896ABB8A41}.Release|x64.ActiveCfg = Release|x64
		{9E4646F9-53B3-4EDC-84F9-19896ABB8A41}.Release|x64.Build.0 = Release|x64
		{9E4646F9-53B3-4EDC-84F9-19896ABB8A41}.Release|x86.ActiveCfg = Release|x86
		{9E4646F9-53B3-4EDC-84F9-19896ABB8A41}.Release|x86.Build.0 = Release|x86
		{44C2FA02-61AE-48BE-AAE0-9A6026C3D152}.Debug|Any CPU.ActiveCfg = Debug|Any CPU
		{44C2FA02-61AE-48BE-AAE0-9A6026C3D152}.Debug|Any CPU.Build.0 = Debug|Any CPU
		{44C2FA02-61AE-48BE-AAE0-9A6026C3D152}.Debug|x64.ActiveCfg = Debug|x64
		{44C2FA02-61AE-48BE-AAE0-9A6026C3D152}.Debug|x64.Build.0 = Debug|x64
		{44C2FA02-61AE-48BE-AAE0-9A6026C3D152}.Debug|x86.ActiveCfg = Debug|x86
		{44C2FA02-61AE-48BE-AAE0-9A6026C3D152}.Debug|x86.Build.0 = Debug|x86
		{44C2FA02-61AE-48BE-AAE0-9A6026C3D152}.Release|Any CPU.ActiveCfg = Release|Any CPU
		{44C2FA02-61AE-48BE-AAE0-9A6026C3D152}.Release|Any CPU.Build.0 = Release|Any CPU
		{44C2FA02-61AE-48BE-AAE0-9A6026C3D152}.Release|x64.ActiveCfg = Release|x64
		{44C2FA02-61AE-48BE-AAE0-9A6026C3D152}.Release|x64.Build.0 = Release|x64
		{44C2FA02-61AE-48BE-AAE0-9A6026C3D152}.Release|x86.ActiveCfg = Release|x86
		{44C2FA02-61AE-48BE-AAE0-9A6026C3D152}.Release|x86.Build.0 = Release|x86
		{662E2416-1C11-4D8B-BA57-AD8718B26C09}.Debug|Any CPU.ActiveCfg = Debug|x64
		{662E2416-1C11-4D8B-BA57-AD8718B26C09}.Debug|Any CPU.Build.0 = Debug|x64
		{662E2416-1C11-4D8B-BA57-AD8718B26C09}.Debug|x64.ActiveCfg = Debug|x64
		{662E2416-1C11-4D8B-BA57-AD8718B26C09}.Debug|x64.Build.0 = Debug|x64
		{662E2416-1C11-4D8B-BA57-AD8718B26C09}.Debug|x86.ActiveCfg = Debug|Win32
		{662E2416-1C11-4D8B-BA57-AD8718B26C09}.Debug|x86.Build.0 = Debug|Win32
		{662E2416-1C11-4D8B-BA57-AD8718B26C09}.Release|Any CPU.ActiveCfg = Release|x64
		{662E2416-1C11-4D8B-BA57-AD8718B26C09}.Release|Any CPU.Build.0 = Release|x64
		{662E2416-1C11-4D8B-BA57-AD8718B26C09}.Release|x64.ActiveCfg = Release|x64
		{662E2416-1C11-4D8B-BA57-AD8718B26C09}.Release|x64.Build.0 = Release|x64
		{662E2416-1C11-4D8B-BA57-AD8718B26C09}.Release|x86.ActiveCfg = Release|Win32
		{662E2416-1C11-4D8B-BA57-AD8718B26C09}.Release|x86.Build.0 = Release|Win32
		{BFD466E0-767B-464D-8E06-68C91AFD1280}.Debug|Any CPU.ActiveCfg = Debug|Any CPU
		{BFD466E0-767B-464D-8E06-68C91AFD1280}.Debug|Any CPU.Build.0 = Debug|Any CPU
		{BFD466E0-767B-464D-8E06-68C91AFD1280}.Debug|x64.ActiveCfg = Debug|x64
		{BFD466E0-767B-464D-8E06-68C91AFD1280}.Debug|x64.Build.0 = Debug|x64
		{BFD466E0-767B-464D-8E06-68C91AFD1280}.Debug|x86.ActiveCfg = Debug|x86
		{BFD466E0-767B-464D-8E06-68C91AFD1280}.Debug|x86.Build.0 = Debug|x86
		{BFD466E0-767B-464D-8E06-68C91AFD1280}.Release|Any CPU.ActiveCfg = Release|Any CPU
		{BFD466E0-767B-464D-8E06-68C91AFD1280}.Release|Any CPU.Build.0 = Release|Any CPU
		{BFD466E0-767B-464D-8E06-68C91AFD1280}.Release|x64.ActiveCfg = Release|x64
		{BFD466E0-767B-464D-8E06-68C91AFD1280}.Release|x64.Build.0 = Release|x64
		{BFD466E0-767B-464D-8E06-68C91AFD1280}.Release|x86.ActiveCfg = Release|x86
		{BFD466E0-767B-464D-8E06-68C91AFD1280}.Release|x86.Build.0 = Release|x86
		{9A05B5C2-9B65-4151-8C6B-464E3ABDAD20}.Debug|Any CPU.ActiveCfg = Debug|Any CPU
		{9A05B5C2-9B65-4151-8C6B-464E3ABDAD20}.Debug|Any CPU.Build.0 = Debug|Any CPU
		{9A05B5C2-9B65-4151-8C6B-464E3ABDAD20}.Debug|x64.ActiveCfg = Debug|Any CPU
		{9A05B5C2-9B65-4151-8C6B-464E3ABDAD20}.Debug|x64.Build.0 = Debug|Any CPU
		{9A05B5C2-9B65-4151-8C6B-464E3ABDAD20}.Debug|x86.ActiveCfg = Debug|Any CPU
		{9A05B5C2-9B65-4151-8C6B-464E3ABDAD20}.Debug|x86.Build.0 = Debug|Any CPU
		{9A05B5C2-9B65-4151-8C6B-464E3ABDAD20}.Release|Any CPU.ActiveCfg = Release|Any CPU
		{9A05B5C2-9B65-4151-8C6B-464E3ABDAD20}.Release|Any CPU.Build.0 = Release|Any CPU
		{9A05B5C2-9B65-4151-8C6B-464E3ABDAD20}.Release|x64.ActiveCfg = Release|Any CPU
		{9A05B5C2-9B65-4151-8C6B-464E3ABDAD20}.Release|x64.Build.0 = Release|Any CPU
		{9A05B5C2-9B65-4151-8C6B-464E3ABDAD20}.Release|x86.ActiveCfg = Release|Any CPU
		{9A05B5C2-9B65-4151-8C6B-464E3ABDAD20}.Release|x86.Build.0 = Release|Any CPU
	EndGlobalSection
	GlobalSection(SolutionProperties) = preSolution
		HideSolutionNode = FALSE
	EndGlobalSection
	GlobalSection(NestedProjects) = preSolution
		{1660B789-CDB1-4D57-99E9-23184F5687BE} = {379D6EB3-5125-4B70-B2EA-1FB746738710}
		{995E7BE6-A63E-4E2A-BB5D-657F9FB7875C} = {18E52B6A-BFC9-457C-AAEE-70BCE387960E}
		{43C7F881-BAFA-4967-B7A5-0FF3A5BACD9C} = {379D6EB3-5125-4B70-B2EA-1FB746738710}
		{A17641C5-E20B-4145-ACA8-6ACED2D2133C} = {18E52B6A-BFC9-457C-AAEE-70BCE387960E}
		{9E4646F9-53B3-4EDC-84F9-19896ABB8A41} = {379D6EB3-5125-4B70-B2EA-1FB746738710}
		{44C2FA02-61AE-48BE-AAE0-9A6026C3D152} = {18E52B6A-BFC9-457C-AAEE-70BCE387960E}
		{662E2416-1C11-4D8B-BA57-AD8718B26C09} = {379D6EB3-5125-4B70-B2EA-1FB746738710}
		{BFD466E0-767B-464D-8E06-68C91AFD1280} = {18E52B6A-BFC9-457C-AAEE-70BCE387960E}
		{02DDDDAF-DFEC-4312-A080-2897CAC0043E} = {09885E49-51B2-49DE-A7A5-079AA08CD540}
		{9C7929CA-E68B-4E8C-817A-5B2D9CEE08B0} = {09885E49-51B2-49DE-A7A5-079AA08CD540}
		{7046C04B-A7B1-47D9-951C-93151E0316A0} = {09885E49-51B2-49DE-A7A5-079AA08CD540}
		{4276F4F3-4D3C-43FB-B49A-3E14DB6837BC} = {09885E49-51B2-49DE-A7A5-079AA08CD540}
		{B5AE5BBB-CB24-4FDA-AD63-9C425F30E5C1} = {09885E49-51B2-49DE-A7A5-079AA08CD540}
		{3361D5D2-3A89-41E1-A54F-9EC79BF7D086} = {09885E49-51B2-49DE-A7A5-079AA08CD540}
		{28155961-1271-4065-ABCB-EF087DE8A42A} = {09885E49-51B2-49DE-A7A5-079AA08CD540}
		{690DB687-2A9F-48F0-8F61-4D07CCBAC526} = {09885E49-51B2-49DE-A7A5-079AA08CD540}
		{71F3B42D-AB21-437D-9499-BC6C5C6E964E} = {09885E49-51B2-49DE-A7A5-079AA08CD540}
		{291A26FD-8027-472C-953B-BEF60C879C12} = {09885E49-51B2-49DE-A7A5-079AA08CD540}
		{D6E0421F-BE96-4C1D-B21E-2A5AAB84F9F9} = {09885E49-51B2-49DE-A7A5-079AA08CD540}
		{9A05B5C2-9B65-4151-8C6B-464E3ABDAD20} = {18E52B6A-BFC9-457C-AAEE-70BCE387960E}
		{9C0FB28E-E85D-4E95-BBF2-31D8DE70A12C} = {09885E49-51B2-49DE-A7A5-079AA08CD540}
		{C69DC301-3524-4F76-88EB-7DE15C21A8B6} = {09885E49-51B2-49DE-A7A5-079AA08CD540}
		{84898AEE-64FF-4426-982E-6724FDCC9C33} = {09885E49-51B2-49DE-A7A5-079AA08CD540}
		{5E33E855-037E-4F78-8BE0-409F8AE5CBAF} = {09885E49-51B2-49DE-A7A5-079AA08CD540}
		{DE8A5B4F-72BA-48C0-8428-72DDC7C6DEFC} = {09885E49-51B2-49DE-A7A5-079AA08CD540}
		{D6C5745D-276A-48D9-BCD6-E319CDD4E5C2} = {09885E49-51B2-49DE-A7A5-079AA08CD540}
		{A79BB48F-9025-49DC-AB21-EA830917E1D9} = {09885E49-51B2-49DE-A7A5-079AA08CD540}
		{770EADAD-8210-4AB3-96E4-2B9085536E91} = {09885E49-51B2-49DE-A7A5-079AA08CD540}
		{D176FBF7-324C-4B05-A56C-8570448BCACA} = {09885E49-51B2-49DE-A7A5-079AA08CD540}
		{C3B73D69-2565-44EC-A21D-6519C964E765} = {09885E49-51B2-49DE-A7A5-079AA08CD540}
		{AC79C7D7-87D1-4ADE-8638-E4D30A319A7B} = {09885E49-51B2-49DE-A7A5-079AA08CD540}
		{23760B9B-9629-417C-80DC-7709771E27A4} = {09885E49-51B2-49DE-A7A5-079AA08CD540}
		{D68E6CF6-8394-47C9-839C-22B24FD5B7D7} = {09885E49-51B2-49DE-A7A5-079AA08CD540}
		{405F561E-251D-4505-9548-280A9047C277} = {09885E49-51B2-49DE-A7A5-079AA08CD540}
		{C5C35C88-992B-4946-AF44-E3BF42310DBF} = {09885E49-51B2-49DE-A7A5-079AA08CD540}
		{7339C8AD-2A0A-4D00-8E43-476696E4795C} = {09885E49-51B2-49DE-A7A5-079AA08CD540}
		{73E12ABA-23AE-48E4-A6BD-24B7D9AE8CE0} = {09885E49-51B2-49DE-A7A5-079AA08CD540}
		{A3825F90-A966-4254-BCEE-26BA159C288D} = {09885E49-51B2-49DE-A7A5-079AA08CD540}
		{BF6867BE-4783-422D-940E-173DF68FA765} = {09885E49-51B2-49DE-A7A5-079AA08CD540}
		{B4DAB1E5-D58C-4C46-98E7-EC5322DE8401} = {09885E49-51B2-49DE-A7A5-079AA08CD540}
		{8FE4C2CB-BC12-4AF4-A1DB-EAF45AC020C5} = {09885E49-51B2-49DE-A7A5-079AA08CD540}
		{F5D767C8-1E11-440D-BA4E-5A6AC96A345D} = {09885E49-51B2-49DE-A7A5-079AA08CD540}
		{9FBFE052-A72F-4680-92A6-A246A8AF3D52} = {09885E49-51B2-49DE-A7A5-079AA08CD540}
		{9E6BD4D3-772C-4FF5-96C8-14D036B6765D} = {09885E49-51B2-49DE-A7A5-079AA08CD540}
		{4F4EA15E-2DC8-4C6A-AD47-C4B32857883A} = {9C7929CA-E68B-4E8C-817A-5B2D9CEE08B0}
		{7976D801-0E7F-457A-8AE4-1008BAD41B0A} = {09885E49-51B2-49DE-A7A5-079AA08CD540}
		{B76C4706-09FD-47EE-8856-93711ADADA1B} = {09885E49-51B2-49DE-A7A5-079AA08CD540}
		{4C57A5F2-2158-41EB-836B-D0AB68071BDF} = {B76C4706-09FD-47EE-8856-93711ADADA1B}
	EndGlobalSection
	GlobalSection(ExtensibilityGlobals) = postSolution
		SolutionGuid = {AC8F5D60-2040-477F-AA82-78A5906B25FB}
	EndGlobalSection
EndGlobal
