
Microsoft Visual Studio Solution File, Format Version 12.00
# Visual Studio Version 17
VisualStudioVersion = 17.2.32616.157
MinimumVisualStudioVersion = 10.0.40219.1
Project("{9A19103F-16F7-4668-BE54-9A1E7A4F7556}") = "JobSearchCodeExamples", "JobSearchCodeExamples\JobSearchCodeExamples.csproj", "{1660B789-CDB1-4D57-99E9-23184F5687BE}"
EndProject
Project("{9A19103F-16F7-4668-BE54-9A1E7A4F7556}") = "JobSearchCodeExamples.Test", "JobSearchCodeExamples.Test\JobSearchCodeExamples.Test.csproj", "{995E7BE6-A63E-4E2A-BB5D-657F9FB7875C}"
EndProject
Project("{778DAE3C-4631-46EA-AA77-85C1314464D9}") = "JobSearchCodeExamples.VB", "JobSearchCodeExamples.VB\JobSearchCodeExamples.VB.vbproj", "{43C7F881-BAFA-4967-B7A5-0FF3A5BACD9C}"
EndProject
Project("{778DAE3C-4631-46EA-AA77-85C1314464D9}") = "JobSearchCodeExamples.VB.Test", "JobSearchCodeExamples.VB.Test\JobSearchCodeExamples.VB.Test.vbproj", "{A17641C5-E20B-4145-ACA8-6ACED2D2133C}"
EndProject
Project("{6EC3EE1D-3C4E-46DD-8F32-0CC8E7565705}") = "JobSearchCodeExamples.FSharp", "JobSearchCodeExamples.FSharp\JobSearchCodeExamples.FSharp.fsproj", "{9E4646F9-53B3-4EDC-84F9-19896ABB8A41}"
EndProject
Project("{6EC3EE1D-3C4E-46DD-8F32-0CC8E7565705}") = "JobSearchCodeExamples.FSharp.Test", "JobSearchCodeExamples.FSharp.Test\JobSearchCodeExamples.FSharp.Test.fsproj", "{44C2FA02-61AE-48BE-AAE0-9A6026C3D152}"
EndProject
Project("{8BC9CEB8-8B4A-11D0-8D11-00A0C91BC942}") = "JobSearchCodeExamples.cpp", "JobSearchCodeExamples.cpp\JobSearchCodeExamples.cpp.vcxproj", "{662E2416-1C11-4D8B-BA57-AD8718B26C09}"
EndProject
Project("{2150E333-8FDC-42A3-9474-1A3956D46DE8}") = "Code", "Code", "{379D6EB3-5125-4B70-B2EA-1FB746738710}"
EndProject
Project("{2150E333-8FDC-42A3-9474-1A3956D46DE8}") = "Tests", "Tests", "{18E52B6A-BFC9-457C-AAEE-70BCE387960E}"
EndProject
Project("{FAE04EC0-301F-11D3-BF4B-00C04F79EFBC}") = "JobSearchCodeExamples.cpp.Test", "JobSearchCodeExamples.cpp.Test\JobSearchCodeExamples.cpp.Test.csproj", "{BFD466E0-767B-464D-8E06-68C91AFD1280}"
EndProject
Global
	GlobalSection(SolutionConfigurationPlatforms) = preSolution
		Debug|Any CPU = Debug|Any CPU
		Debug|x64 = Debug|x64
		Debug|x86 = Debug|x86
		Release|Any CPU = Release|Any CPU
		Release|x64 = Release|x64
		Release|x86 = Release|x86
	EndGlobalSection
	GlobalSection(ProjectConfigurationPlatforms) = postSolution
		{1660B789-CDB1-4D57-99E9-23184F5687BE}.Debug|Any CPU.ActiveCfg = Debug|Any CPU
		{1660B789-CDB1-4D57-99E9-23184F5687BE}.Debug|Any CPU.Build.0 = Debug|Any CPU
		{1660B789-CDB1-4D57-99E9-23184F5687BE}.Debug|x64.ActiveCfg = Debug|Any CPU
		{1660B789-CDB1-4D57-99E9-23184F5687BE}.Debug|x64.Build.0 = Debug|Any CPU
		{1660B789-CDB1-4D57-99E9-23184F5687BE}.Debug|x86.ActiveCfg = Debug|Any CPU
		{1660B789-CDB1-4D57-99E9-23184F5687BE}.Debug|x86.Build.0 = Debug|Any CPU
		{1660B789-CDB1-4D57-99E9-23184F5687BE}.Release|Any CPU.ActiveCfg = Release|Any CPU
		{1660B789-CDB1-4D57-99E9-23184F5687BE}.Release|Any CPU.Build.0 = Release|Any CPU
		{1660B789-CDB1-4D57-99E9-23184F5687BE}.Release|x64.ActiveCfg = Release|Any CPU
		{1660B789-CDB1-4D57-99E9-23184F5687BE}.Release|x64.Build.0 = Release|Any CPU
		{1660B789-CDB1-4D57-99E9-23184F5687BE}.Release|x86.ActiveCfg = Release|Any CPU
		{1660B789-CDB1-4D57-99E9-23184F5687BE}.Release|x86.Build.0 = Release|Any CPU
		{995E7BE6-A63E-4E2A-BB5D-657F9FB7875C}.Debug|Any CPU.ActiveCfg = Debug|Any CPU
		{995E7BE6-A63E-4E2A-BB5D-657F9FB7875C}.Debug|Any CPU.Build.0 = Debug|Any CPU
		{995E7BE6-A63E-4E2A-BB5D-657F9FB7875C}.Debug|x64.ActiveCfg = Debug|Any CPU
		{995E7BE6-A63E-4E2A-BB5D-657F9FB7875C}.Debug|x64.Build.0 = Debug|Any CPU
		{995E7BE6-A63E-4E2A-BB5D-657F9FB7875C}.Debug|x86.ActiveCfg = Debug|Any CPU
		{995E7BE6-A63E-4E2A-BB5D-657F9FB7875C}.Debug|x86.Build.0 = Debug|Any CPU
		{995E7BE6-A63E-4E2A-BB5D-657F9FB7875C}.Release|Any CPU.ActiveCfg = Release|Any CPU
		{995E7BE6-A63E-4E2A-BB5D-657F9FB7875C}.Release|Any CPU.Build.0 = Release|Any CPU
		{995E7BE6-A63E-4E2A-BB5D-657F9FB7875C}.Release|x64.ActiveCfg = Release|Any CPU
		{995E7BE6-A63E-4E2A-BB5D-657F9FB7875C}.Release|x64.Build.0 = Release|Any CPU
		{995E7BE6-A63E-4E2A-BB5D-657F9FB7875C}.Release|x86.ActiveCfg = Release|Any CPU
		{995E7BE6-A63E-4E2A-BB5D-657F9FB7875C}.Release|x86.Build.0 = Release|Any CPU
		{43C7F881-BAFA-4967-B7A5-0FF3A5BACD9C}.Debug|Any CPU.ActiveCfg = Debug|Any CPU
		{43C7F881-BAFA-4967-B7A5-0FF3A5BACD9C}.Debug|Any CPU.Build.0 = Debug|Any CPU
		{43C7F881-BAFA-4967-B7A5-0FF3A5BACD9C}.Debug|x64.ActiveCfg = Debug|Any CPU
		{43C7F881-BAFA-4967-B7A5-0FF3A5BACD9C}.Debug|x64.Build.0 = Debug|Any CPU
		{43C7F881-BAFA-4967-B7A5-0FF3A5BACD9C}.Debug|x86.ActiveCfg = Debug|Any CPU
		{43C7F881-BAFA-4967-B7A5-0FF3A5BACD9C}.Debug|x86.Build.0 = Debug|Any CPU
		{43C7F881-BAFA-4967-B7A5-0FF3A5BACD9C}.Release|Any CPU.ActiveCfg = Release|Any CPU
		{43C7F881-BAFA-4967-B7A5-0FF3A5BACD9C}.Release|Any CPU.Build.0 = Release|Any CPU
		{43C7F881-BAFA-4967-B7A5-0FF3A5BACD9C}.Release|x64.ActiveCfg = Release|Any CPU
		{43C7F881-BAFA-4967-B7A5-0FF3A5BACD9C}.Release|x64.Build.0 = Release|Any CPU
		{43C7F881-BAFA-4967-B7A5-0FF3A5BACD9C}.Release|x86.ActiveCfg = Release|Any CPU
		{43C7F881-BAFA-4967-B7A5-0FF3A5BACD9C}.Release|x86.Build.0 = Release|Any CPU
		{A17641C5-E20B-4145-ACA8-6ACED2D2133C}.Debug|Any CPU.ActiveCfg = Debug|Any CPU
		{A17641C5-E20B-4145-ACA8-6ACED2D2133C}.Debug|Any CPU.Build.0 = Debug|Any CPU
		{A17641C5-E20B-4145-ACA8-6ACED2D2133C}.Debug|x64.ActiveCfg = Debug|Any CPU
		{A17641C5-E20B-4145-ACA8-6ACED2D2133C}.Debug|x64.Build.0 = Debug|Any CPU
		{A17641C5-E20B-4145-ACA8-6ACED2D2133C}.Debug|x86.ActiveCfg = Debug|Any CPU
		{A17641C5-E20B-4145-ACA8-6ACED2D2133C}.Debug|x86.Build.0 = Debug|Any CPU
		{A17641C5-E20B-4145-ACA8-6ACED2D2133C}.Release|Any CPU.ActiveCfg = Release|Any CPU
		{A17641C5-E20B-4145-ACA8-6ACED2D2133C}.Release|Any CPU.Build.0 = Release|Any CPU
		{A17641C5-E20B-4145-ACA8-6ACED2D2133C}.Release|x64.ActiveCfg = Release|Any CPU
		{A17641C5-E20B-4145-ACA8-6ACED2D2133C}.Release|x64.Build.0 = Release|Any CPU
		{A17641C5-E20B-4145-ACA8-6ACED2D2133C}.Release|x86.ActiveCfg = Release|Any CPU
		{A17641C5-E20B-4145-ACA8-6ACED2D2133C}.Release|x86.Build.0 = Release|Any CPU
		{9E4646F9-53B3-4EDC-84F9-19896ABB8A41}.Debug|Any CPU.ActiveCfg = Debug|Any CPU
		{9E4646F9-53B3-4EDC-84F9-19896ABB8A41}.Debug|Any CPU.Build.0 = Debug|Any CPU
		{9E4646F9-53B3-4EDC-84F9-19896ABB8A41}.Debug|x64.ActiveCfg = Debug|Any CPU
		{9E4646F9-53B3-4EDC-84F9-19896ABB8A41}.Debug|x64.Build.0 = Debug|Any CPU
		{9E4646F9-53B3-4EDC-84F9-19896ABB8A41}.Debug|x86.ActiveCfg = Debug|Any CPU
		{9E4646F9-53B3-4EDC-84F9-19896ABB8A41}.Debug|x86.Build.0 = Debug|Any CPU
		{9E4646F9-53B3-4EDC-84F9-19896ABB8A41}.Release|Any CPU.ActiveCfg = Release|Any CPU
		{9E4646F9-53B3-4EDC-84F9-19896ABB8A41}.Release|Any CPU.Build.0 = Release|Any CPU
		{9E4646F9-53B3-4EDC-84F9-19896ABB8A41}.Release|x64.ActiveCfg = Release|Any CPU
		{9E4646F9-53B3-4EDC-84F9-19896ABB8A41}.Release|x64.Build.0 = Release|Any CPU
		{9E4646F9-53B3-4EDC-84F9-19896ABB8A41}.Release|x86.ActiveCfg = Release|Any CPU
		{9E4646F9-53B3-4EDC-84F9-19896ABB8A41}.Release|x86.Build.0 = Release|Any CPU
		{44C2FA02-61AE-48BE-AAE0-9A6026C3D152}.Debug|Any CPU.ActiveCfg = Debug|Any CPU
		{44C2FA02-61AE-48BE-AAE0-9A6026C3D152}.Debug|Any CPU.Build.0 = Debug|Any CPU
		{44C2FA02-61AE-48BE-AAE0-9A6026C3D152}.Debug|x64.ActiveCfg = Debug|Any CPU
		{44C2FA02-61AE-48BE-AAE0-9A6026C3D152}.Debug|x64.Build.0 = Debug|Any CPU
		{44C2FA02-61AE-48BE-AAE0-9A6026C3D152}.Debug|x86.ActiveCfg = Debug|Any CPU
		{44C2FA02-61AE-48BE-AAE0-9A6026C3D152}.Debug|x86.Build.0 = Debug|Any CPU
		{44C2FA02-61AE-48BE-AAE0-9A6026C3D152}.Release|Any CPU.ActiveCfg = Release|Any CPU
		{44C2FA02-61AE-48BE-AAE0-9A6026C3D152}.Release|Any CPU.Build.0 = Release|Any CPU
		{44C2FA02-61AE-48BE-AAE0-9A6026C3D152}.Release|x64.ActiveCfg = Release|Any CPU
		{44C2FA02-61AE-48BE-AAE0-9A6026C3D152}.Release|x64.Build.0 = Release|Any CPU
		{44C2FA02-61AE-48BE-AAE0-9A6026C3D152}.Release|x86.ActiveCfg = Release|Any CPU
		{44C2FA02-61AE-48BE-AAE0-9A6026C3D152}.Release|x86.Build.0 = Release|Any CPU
		{662E2416-1C11-4D8B-BA57-AD8718B26C09}.Debug|Any CPU.ActiveCfg = Debug|x64
		{662E2416-1C11-4D8B-BA57-AD8718B26C09}.Debug|Any CPU.Build.0 = Debug|x64
		{662E2416-1C11-4D8B-BA57-AD8718B26C09}.Debug|x64.ActiveCfg = Debug|x64
		{662E2416-1C11-4D8B-BA57-AD8718B26C09}.Debug|x64.Build.0 = Debug|x64
		{662E2416-1C11-4D8B-BA57-AD8718B26C09}.Debug|x86.ActiveCfg = Debug|Win32
		{662E2416-1C11-4D8B-BA57-AD8718B26C09}.Debug|x86.Build.0 = Debug|Win32
		{662E2416-1C11-4D8B-BA57-AD8718B26C09}.Release|Any CPU.ActiveCfg = Release|x64
		{662E2416-1C11-4D8B-BA57-AD8718B26C09}.Release|Any CPU.Build.0 = Release|x64
		{662E2416-1C11-4D8B-BA57-AD8718B26C09}.Release|x64.ActiveCfg = Release|x64
		{662E2416-1C11-4D8B-BA57-AD8718B26C09}.Release|x64.Build.0 = Release|x64
		{662E2416-1C11-4D8B-BA57-AD8718B26C09}.Release|x86.ActiveCfg = Release|Win32
		{662E2416-1C11-4D8B-BA57-AD8718B26C09}.Release|x86.Build.0 = Release|Win32
		{BFD466E0-767B-464D-8E06-68C91AFD1280}.Debug|Any CPU.ActiveCfg = Debug|Any CPU
		{BFD466E0-767B-464D-8E06-68C91AFD1280}.Debug|Any CPU.Build.0 = Debug|Any CPU
		{BFD466E0-767B-464D-8E06-68C91AFD1280}.Debug|x64.ActiveCfg = Debug|Any CPU
		{BFD466E0-767B-464D-8E06-68C91AFD1280}.Debug|x64.Build.0 = Debug|Any CPU
		{BFD466E0-767B-464D-8E06-68C91AFD1280}.Debug|x86.ActiveCfg = Debug|Any CPU
		{BFD466E0-767B-464D-8E06-68C91AFD1280}.Debug|x86.Build.0 = Debug|Any CPU
		{BFD466E0-767B-464D-8E06-68C91AFD1280}.Release|Any CPU.ActiveCfg = Release|Any CPU
		{BFD466E0-767B-464D-8E06-68C91AFD1280}.Release|Any CPU.Build.0 = Release|Any CPU
		{BFD466E0-767B-464D-8E06-68C91AFD1280}.Release|x64.ActiveCfg = Release|Any CPU
		{BFD466E0-767B-464D-8E06-68C91AFD1280}.Release|x64.Build.0 = Release|Any CPU
		{BFD466E0-767B-464D-8E06-68C91AFD1280}.Release|x86.ActiveCfg = Release|Any CPU
		{BFD466E0-767B-464D-8E06-68C91AFD1280}.Release|x86.Build.0 = Release|Any CPU
	EndGlobalSection
	GlobalSection(SolutionProperties) = preSolution
		HideSolutionNode = FALSE
	EndGlobalSection
	GlobalSection(NestedProjects) = preSolution
		{1660B789-CDB1-4D57-99E9-23184F5687BE} = {379D6EB3-5125-4B70-B2EA-1FB746738710}
		{995E7BE6-A63E-4E2A-BB5D-657F9FB7875C} = {18E52B6A-BFC9-457C-AAEE-70BCE387960E}
		{43C7F881-BAFA-4967-B7A5-0FF3A5BACD9C} = {379D6EB3-5125-4B70-B2EA-1FB746738710}
		{A17641C5-E20B-4145-ACA8-6ACED2D2133C} = {18E52B6A-BFC9-457C-AAEE-70BCE387960E}
		{9E4646F9-53B3-4EDC-84F9-19896ABB8A41} = {379D6EB3-5125-4B70-B2EA-1FB746738710}
		{44C2FA02-61AE-48BE-AAE0-9A6026C3D152} = {18E52B6A-BFC9-457C-AAEE-70BCE387960E}
		{662E2416-1C11-4D8B-BA57-AD8718B26C09} = {379D6EB3-5125-4B70-B2EA-1FB746738710}
		{BFD466E0-767B-464D-8E06-68C91AFD1280} = {18E52B6A-BFC9-457C-AAEE-70BCE387960E}
	EndGlobalSection
	GlobalSection(ExtensibilityGlobals) = postSolution
		SolutionGuid = {AC8F5D60-2040-477F-AA82-78A5906B25FB}
	EndGlobalSection
EndGlobal
